
Microsoft Visual Studio Solution File, Format Version 12.00
# Visual Studio Version 17
VisualStudioVersion = 17.10.35122.118
MinimumVisualStudioVersion = 10.0.40219.1
Project("{FAE04EC0-301F-11D3-BF4B-00C04F79EFBC}") = "Phoneword", "Phoneword.csproj", "{BC938D81-C50A-4790-9C8A-66F5884B27DA}"
EndProject
Global
	GlobalSection(SolutionConfigurationPlatforms) = preSolution
		Debug|Any CPU = Debug|Any CPU
		Release|Any CPU = Release|Any CPU
	EndGlobalSection
	GlobalSection(ProjectConfigurationPlatforms) = postSolution
		{BC938D81-C50A-4790-9C8A-66F5884B27DA}.Debug|Any CPU.ActiveCfg = Debug|Any CPU
		{BC938D81-C50A-4790-9C8A-66F5884B27DA}.Debug|Any CPU.Build.0 = Debug|Any CPU
		{BC938D81-C50A-4790-9C8A-66F5884B27DA}.Debug|Any CPU.Deploy.0 = Debug|Any CPU
		{BC938D81-C50A-4790-9C8A-66F5884B27DA}.Release|Any CPU.ActiveCfg = Release|Any CPU
		{BC938D81-C50A-4790-9C8A-66F5884B27DA}.Release|Any CPU.Build.0 = Release|Any CPU
		{BC938D81-C50A-4790-9C8A-66F5884B27DA}.Release|Any CPU.Deploy.0 = Release|Any CPU
	EndGlobalSection
	GlobalSection(SolutionProperties) = preSolution
		HideSolutionNode = FALSE
	EndGlobalSection
	GlobalSection(ExtensibilityGlobals) = postSolution
		SolutionGuid = {24479D43-A222-46D9-8CB4-7130BB519F8B}
	EndGlobalSection
EndGlobal
